
Microsoft Visual Studio Solution File, Format Version 12.00
# Visual Studio 15
VisualStudioVersion = 15.0.27703.2047
MinimumVisualStudioVersion = 10.0.40219.1
Project("{FAE04EC0-301F-11D3-BF4B-00C04F79EFBC}") = "Muistio.Android", "Muistio\Muistio.Android\Muistio.Android.csproj", "{D7B7C8E2-868D-4A92-9515-78C57982B402}"
EndProject
Project("{FAE04EC0-301F-11D3-BF4B-00C04F79EFBC}") = "Muistio.iOS", "Muistio\Muistio.iOS\Muistio.iOS.csproj", "{67814B7A-DF7D-4A57-9ECF-7F7A154E030F}"
EndProject
Project("{9A19103F-16F7-4668-BE54-9A1E7A4F7556}") = "Muistio", "Muistio\Muistio\Muistio.csproj", "{407B27A5-E909-4C69-8FC0-6864809AB736}"
EndProject
Global
	GlobalSection(SolutionConfigurationPlatforms) = preSolution
		Ad-Hoc|Any CPU = Ad-Hoc|Any CPU
		Ad-Hoc|iPhone = Ad-Hoc|iPhone
		Ad-Hoc|iPhoneSimulator = Ad-Hoc|iPhoneSimulator
		AppStore|Any CPU = AppStore|Any CPU
		AppStore|iPhone = AppStore|iPhone
		AppStore|iPhoneSimulator = AppStore|iPhoneSimulator
		Debug|Any CPU = Debug|Any CPU
		Debug|iPhone = Debug|iPhone
		Debug|iPhoneSimulator = Debug|iPhoneSimulator
		Release|Any CPU = Release|Any CPU
		Release|iPhone = Release|iPhone
		Release|iPhoneSimulator = Release|iPhoneSimulator
	EndGlobalSection
	GlobalSection(ProjectConfigurationPlatforms) = postSolution
		{D7B7C8E2-868D-4A92-9515-78C57982B402}.Ad-Hoc|Any CPU.ActiveCfg = Release|Any CPU
		{D7B7C8E2-868D-4A92-9515-78C57982B402}.Ad-Hoc|Any CPU.Build.0 = Release|Any CPU
		{D7B7C8E2-868D-4A92-9515-78C57982B402}.Ad-Hoc|Any CPU.Deploy.0 = Release|Any CPU
		{D7B7C8E2-868D-4A92-9515-78C57982B402}.Ad-Hoc|iPhone.ActiveCfg = Release|Any CPU
		{D7B7C8E2-868D-4A92-9515-78C57982B402}.Ad-Hoc|iPhone.Build.0 = Release|Any CPU
		{D7B7C8E2-868D-4A92-9515-78C57982B402}.Ad-Hoc|iPhone.Deploy.0 = Release|Any CPU
		{D7B7C8E2-868D-4A92-9515-78C57982B402}.Ad-Hoc|iPhoneSimulator.ActiveCfg = Release|Any CPU
		{D7B7C8E2-868D-4A92-9515-78C57982B402}.Ad-Hoc|iPhoneSimulator.Build.0 = Release|Any CPU
		{D7B7C8E2-868D-4A92-9515-78C57982B402}.Ad-Hoc|iPhoneSimulator.Deploy.0 = Release|Any CPU
		{D7B7C8E2-868D-4A92-9515-78C57982B402}.AppStore|Any CPU.ActiveCfg = Release|Any CPU
		{D7B7C8E2-868D-4A92-9515-78C57982B402}.AppStore|Any CPU.Build.0 = Release|Any CPU
		{D7B7C8E2-868D-4A92-9515-78C57982B402}.AppStore|Any CPU.Deploy.0 = Release|Any CPU
		{D7B7C8E2-868D-4A92-9515-78C57982B402}.AppStore|iPhone.ActiveCfg = Release|Any CPU
		{D7B7C8E2-868D-4A92-9515-78C57982B402}.AppStore|iPhone.Build.0 = Release|Any CPU
		{D7B7C8E2-868D-4A92-9515-78C57982B402}.AppStore|iPhone.Deploy.0 = Release|Any CPU
		{D7B7C8E2-868D-4A92-9515-78C57982B402}.AppStore|iPhoneSimulator.ActiveCfg = Release|Any CPU
		{D7B7C8E2-868D-4A92-9515-78C57982B402}.AppStore|iPhoneSimulator.Build.0 = Release|Any CPU
		{D7B7C8E2-868D-4A92-9515-78C57982B402}.AppStore|iPhoneSimulator.Deploy.0 = Release|Any CPU
		{D7B7C8E2-868D-4A92-9515-78C57982B402}.Debug|Any CPU.ActiveCfg = Debug|Any CPU
		{D7B7C8E2-868D-4A92-9515-78C57982B402}.Debug|Any CPU.Build.0 = Debug|Any CPU
		{D7B7C8E2-868D-4A92-9515-78C57982B402}.Debug|Any CPU.Deploy.0 = Debug|Any CPU
		{D7B7C8E2-868D-4A92-9515-78C57982B402}.Debug|iPhone.ActiveCfg = Debug|Any CPU
		{D7B7C8E2-868D-4A92-9515-78C57982B402}.Debug|iPhone.Build.0 = Debug|Any CPU
		{D7B7C8E2-868D-4A92-9515-78C57982B402}.Debug|iPhone.Deploy.0 = Debug|Any CPU
		{D7B7C8E2-868D-4A92-9515-78C57982B402}.Debug|iPhoneSimulator.ActiveCfg = Debug|Any CPU
		{D7B7C8E2-868D-4A92-9515-78C57982B402}.Debug|iPhoneSimulator.Build.0 = Debug|Any CPU
		{D7B7C8E2-868D-4A92-9515-78C57982B402}.Debug|iPhoneSimulator.Deploy.0 = Debug|Any CPU
		{D7B7C8E2-868D-4A92-9515-78C57982B402}.Release|Any CPU.ActiveCfg = Release|Any CPU
		{D7B7C8E2-868D-4A92-9515-78C57982B402}.Release|Any CPU.Build.0 = Release|Any CPU
		{D7B7C8E2-868D-4A92-9515-78C57982B402}.Release|Any CPU.Deploy.0 = Release|Any CPU
		{D7B7C8E2-868D-4A92-9515-78C57982B402}.Release|iPhone.ActiveCfg = Release|Any CPU
		{D7B7C8E2-868D-4A92-9515-78C57982B402}.Release|iPhone.Build.0 = Release|Any CPU
		{D7B7C8E2-868D-4A92-9515-78C57982B402}.Release|iPhone.Deploy.0 = Release|Any CPU
		{D7B7C8E2-868D-4A92-9515-78C57982B402}.Release|iPhoneSimulator.ActiveCfg = Release|Any CPU
		{D7B7C8E2-868D-4A92-9515-78C57982B402}.Release|iPhoneSimulator.Build.0 = Release|Any CPU
		{D7B7C8E2-868D-4A92-9515-78C57982B402}.Release|iPhoneSimulator.Deploy.0 = Release|Any CPU
		{67814B7A-DF7D-4A57-9ECF-7F7A154E030F}.Ad-Hoc|Any CPU.ActiveCfg = Ad-Hoc|iPhone
		{67814B7A-DF7D-4A57-9ECF-7F7A154E030F}.Ad-Hoc|Any CPU.Build.0 = Ad-Hoc|iPhone
		{67814B7A-DF7D-4A57-9ECF-7F7A154E030F}.Ad-Hoc|Any CPU.Deploy.0 = Ad-Hoc|iPhone
		{67814B7A-DF7D-4A57-9ECF-7F7A154E030F}.Ad-Hoc|iPhone.ActiveCfg = Ad-Hoc|iPhone
		{67814B7A-DF7D-4A57-9ECF-7F7A154E030F}.Ad-Hoc|iPhone.Build.0 = Ad-Hoc|iPhone
		{67814B7A-DF7D-4A57-9ECF-7F7A154E030F}.Ad-Hoc|iPhone.Deploy.0 = Ad-Hoc|iPhone
		{67814B7A-DF7D-4A57-9ECF-7F7A154E030F}.Ad-Hoc|iPhoneSimulator.ActiveCfg = Ad-Hoc|iPhoneSimulator
		{67814B7A-DF7D-4A57-9ECF-7F7A154E030F}.Ad-Hoc|iPhoneSimulator.Build.0 = Ad-Hoc|iPhoneSimulator
		{67814B7A-DF7D-4A57-9ECF-7F7A154E030F}.Ad-Hoc|iPhoneSimulator.Deploy.0 = Ad-Hoc|iPhoneSimulator
		{67814B7A-DF7D-4A57-9ECF-7F7A154E030F}.AppStore|Any CPU.ActiveCfg = AppStore|iPhone
		{67814B7A-DF7D-4A57-9ECF-7F7A154E030F}.AppStore|Any CPU.Build.0 = AppStore|iPhone
		{67814B7A-DF7D-4A57-9ECF-7F7A154E030F}.AppStore|Any CPU.Deploy.0 = AppStore|iPhone
		{67814B7A-DF7D-4A57-9ECF-7F7A154E030F}.AppStore|iPhone.ActiveCfg = AppStore|iPhone
		{67814B7A-DF7D-4A57-9ECF-7F7A154E030F}.AppStore|iPhone.Build.0 = AppStore|iPhone
		{67814B7A-DF7D-4A57-9ECF-7F7A154E030F}.AppStore|iPhone.Deploy.0 = AppStore|iPhone
		{67814B7A-DF7D-4A57-9ECF-7F7A154E030F}.AppStore|iPhoneSimulator.ActiveCfg = AppStore|iPhoneSimulator
		{67814B7A-DF7D-4A57-9ECF-7F7A154E030F}.AppStore|iPhoneSimulator.Build.0 = AppStore|iPhoneSimulator
		{67814B7A-DF7D-4A57-9ECF-7F7A154E030F}.AppStore|iPhoneSimulator.Deploy.0 = AppStore|iPhoneSimulator
		{67814B7A-DF7D-4A57-9ECF-7F7A154E030F}.Debug|Any CPU.ActiveCfg = Debug|iPhone
		{67814B7A-DF7D-4A57-9ECF-7F7A154E030F}.Debug|Any CPU.Build.0 = Debug|iPhone
		{67814B7A-DF7D-4A57-9ECF-7F7A154E030F}.Debug|Any CPU.Deploy.0 = Debug|iPhone
		{67814B7A-DF7D-4A57-9ECF-7F7A154E030F}.Debug|iPhone.ActiveCfg = Debug|iPhone
		{67814B7A-DF7D-4A57-9ECF-7F7A154E030F}.Debug|iPhone.Build.0 = Debug|iPhone
		{67814B7A-DF7D-4A57-9ECF-7F7A154E030F}.Debug|iPhone.Deploy.0 = Debug|iPhone
		{67814B7A-DF7D-4A57-9ECF-7F7A154E030F}.Debug|iPhoneSimulator.ActiveCfg = Debug|iPhoneSimulator
		{67814B7A-DF7D-4A57-9ECF-7F7A154E030F}.Debug|iPhoneSimulator.Build.0 = Debug|iPhoneSimulator
		{67814B7A-DF7D-4A57-9ECF-7F7A154E030F}.Debug|iPhoneSimulator.Deploy.0 = Debug|iPhoneSimulator
		{67814B7A-DF7D-4A57-9ECF-7F7A154E030F}.Release|Any CPU.ActiveCfg = Release|iPhone
		{67814B7A-DF7D-4A57-9ECF-7F7A154E030F}.Release|Any CPU.Build.0 = Release|iPhone
		{67814B7A-DF7D-4A57-9ECF-7F7A154E030F}.Release|Any CPU.Deploy.0 = Release|iPhone
		{67814B7A-DF7D-4A57-9ECF-7F7A154E030F}.Release|iPhone.ActiveCfg = Release|iPhone
		{67814B7A-DF7D-4A57-9ECF-7F7A154E030F}.Release|iPhone.Build.0 = Release|iPhone
		{67814B7A-DF7D-4A57-9ECF-7F7A154E030F}.Release|iPhone.Deploy.0 = Release|iPhone
		{67814B7A-DF7D-4A57-9ECF-7F7A154E030F}.Release|iPhoneSimulator.ActiveCfg = Release|iPhoneSimulator
		{67814B7A-DF7D-4A57-9ECF-7F7A154E030F}.Release|iPhoneSimulator.Build.0 = Release|iPhoneSimulator
		{67814B7A-DF7D-4A57-9ECF-7F7A154E030F}.Release|iPhoneSimulator.Deploy.0 = Release|iPhoneSimulator
		{407B27A5-E909-4C69-8FC0-6864809AB736}.Ad-Hoc|Any CPU.ActiveCfg = Debug|Any CPU
		{407B27A5-E909-4C69-8FC0-6864809AB736}.Ad-Hoc|Any CPU.Build.0 = Debug|Any CPU
		{407B27A5-E909-4C69-8FC0-6864809AB736}.Ad-Hoc|Any CPU.Deploy.0 = Debug|Any CPU
		{407B27A5-E909-4C69-8FC0-6864809AB736}.Ad-Hoc|iPhone.ActiveCfg = Debug|Any CPU
		{407B27A5-E909-4C69-8FC0-6864809AB736}.Ad-Hoc|iPhone.Build.0 = Debug|Any CPU
		{407B27A5-E909-4C69-8FC0-6864809AB736}.Ad-Hoc|iPhone.Deploy.0 = Debug|Any CPU
		{407B27A5-E909-4C69-8FC0-6864809AB736}.Ad-Hoc|iPhoneSimulator.ActiveCfg = Debug|Any CPU
		{407B27A5-E909-4C69-8FC0-6864809AB736}.Ad-Hoc|iPhoneSimulator.Build.0 = Debug|Any CPU
		{407B27A5-E909-4C69-8FC0-6864809AB736}.Ad-Hoc|iPhoneSimulator.Deploy.0 = Debug|Any CPU
		{407B27A5-E909-4C69-8FC0-6864809AB736}.AppStore|Any CPU.ActiveCfg = Debug|Any CPU
		{407B27A5-E909-4C69-8FC0-6864809AB736}.AppStore|Any CPU.Build.0 = Debug|Any CPU
		{407B27A5-E909-4C69-8FC0-6864809AB736}.AppStore|Any CPU.Deploy.0 = Debug|Any CPU
		{407B27A5-E909-4C69-8FC0-6864809AB736}.AppStore|iPhone.ActiveCfg = Debug|Any CPU
		{407B27A5-E909-4C69-8FC0-6864809AB736}.AppStore|iPhone.Build.0 = Debug|Any CPU
		{407B27A5-E909-4C69-8FC0-6864809AB736}.AppStore|iPhone.Deploy.0 = Debug|Any CPU
		{407B27A5-E909-4C69-8FC0-6864809AB736}.AppStore|iPhoneSimulator.ActiveCfg = Debug|Any CPU
		{407B27A5-E909-4C69-8FC0-6864809AB736}.AppStore|iPhoneSimulator.Build.0 = Debug|Any CPU
		{407B27A5-E909-4C69-8FC0-6864809AB736}.AppStore|iPhoneSimulator.Deploy.0 = Debug|Any CPU
		{407B27A5-E909-4C69-8FC0-6864809AB736}.Debug|Any CPU.ActiveCfg = Debug|Any CPU
		{407B27A5-E909-4C69-8FC0-6864809AB736}.Debug|Any CPU.Build.0 = Debug|Any CPU
		{407B27A5-E909-4C69-8FC0-6864809AB736}.Debug|Any CPU.Deploy.0 = Debug|Any CPU
		{407B27A5-E909-4C69-8FC0-6864809AB736}.Debug|iPhone.ActiveCfg = Debug|Any CPU
		{407B27A5-E909-4C69-8FC0-6864809AB736}.Debug|iPhone.Build.0 = Debug|Any CPU
		{407B27A5-E909-4C69-8FC0-6864809AB736}.Debug|iPhone.Deploy.0 = Debug|Any CPU
		{407B27A5-E909-4C69-8FC0-6864809AB736}.Debug|iPhoneSimulator.ActiveCfg = Debug|Any CPU
		{407B27A5-E909-4C69-8FC0-6864809AB736}.Debug|iPhoneSimulator.Build.0 = Debug|Any CPU
		{407B27A5-E909-4C69-8FC0-6864809AB736}.Debug|iPhoneSimulator.Deploy.0 = Debug|Any CPU
		{407B27A5-E909-4C69-8FC0-6864809AB736}.Release|Any CPU.ActiveCfg = Release|Any CPU
		{407B27A5-E909-4C69-8FC0-6864809AB736}.Release|Any CPU.Build.0 = Release|Any CPU
		{407B27A5-E909-4C69-8FC0-6864809AB736}.Release|Any CPU.Deploy.0 = Release|Any CPU
		{407B27A5-E909-4C69-8FC0-6864809AB736}.Release|iPhone.ActiveCfg = Release|Any CPU
		{407B27A5-E909-4C69-8FC0-6864809AB736}.Release|iPhone.Build.0 = Release|Any CPU
		{407B27A5-E909-4C69-8FC0-6864809AB736}.Release|iPhone.Deploy.0 = Release|Any CPU
		{407B27A5-E909-4C69-8FC0-6864809AB736}.Release|iPhoneSimulator.ActiveCfg = Release|Any CPU
		{407B27A5-E909-4C69-8FC0-6864809AB736}.Release|iPhoneSimulator.Build.0 = Release|Any CPU
		{407B27A5-E909-4C69-8FC0-6864809AB736}.Release|iPhoneSimulator.Deploy.0 = Release|Any CPU
	EndGlobalSection
	GlobalSection(SolutionProperties) = preSolution
		HideSolutionNode = FALSE
	EndGlobalSection
	GlobalSection(ExtensibilityGlobals) = postSolution
		SolutionGuid = {82527D4B-A10D-4E50-A691-EA227920923F}
	EndGlobalSection
EndGlobal
